
Microsoft Visual Studio Solution File, Format Version 12.00
# Visual Studio 15
VisualStudioVersion = 15.0.28010.2003
MinimumVisualStudioVersion = 10.0.40219.1
Project("{BBD0F5D1-1CC4-42FD-BA4C-A96779C64378}") = "Repository", "Repository\Repository.synproj", "{C9EA95BA-DC15-4A74-82C0-94172559EDCE}"
EndProject
Project("{BBD0F5D1-1CC4-42FD-BA4C-A96779C64378}") = "Services", "Services\Services.synproj", "{F9257051-CC32-4541-BAF3-3DD58C1E7F61}"
EndProject
Project("{BBD0F5D1-1CC4-42FD-BA4C-A96779C64378}") = "Services.Host", "Services.Host\Services.Host.synproj", "{51A1B4AB-CEA6-4B90-A6EE-4D32C2282848}"
EndProject
Project("{2150E333-8FDC-42A3-9474-1A3956D46DE8}") = "Templates", "Templates", "{6C9AD151-7DA4-477B-A52C-FB883D9D1057}"
	ProjectSection(SolutionItems) = preProject
		Templates\ODataClientModel.tpl = Templates\ODataClientModel.tpl
		Templates\ODataController.tpl = Templates\ODataController.tpl
		Templates\ODataDbContext.tpl = Templates\ODataDbContext.tpl
		Templates\ODataEdmBuilder.tpl = Templates\ODataEdmBuilder.tpl
		Templates\ODataMetaData.tpl = Templates\ODataMetaData.tpl
		Templates\ODataModel.tpl = Templates\ODataModel.tpl
		Templates\ODataPostManTests.tpl = Templates\ODataPostManTests.tpl
		Templates\ODataSelfHost.tpl = Templates\ODataSelfHost.tpl
		Templates\ODataStandAloneSelfHost.tpl = Templates\ODataStandAloneSelfHost.tpl
		Templates\ODataStartup.tpl = Templates\ODataStartup.tpl
		Templates\ODataSwaggerYaml.tpl = Templates\ODataSwaggerYaml.tpl
		Templates\ODataTestConstantsProperties.tpl = Templates\ODataTestConstantsProperties.tpl
		Templates\ODataTestConstantsValues.tpl = Templates\ODataTestConstantsValues.tpl
		Templates\ODataTestDataGenerator.tpl = Templates\ODataTestDataGenerator.tpl
		Templates\ODataTestDataLoader.tpl = Templates\ODataTestDataLoader.tpl
		Templates\ODataTestEnvironment.tpl = Templates\ODataTestEnvironment.tpl
		Templates\ODataUnitTestEnvironment.tpl = Templates\ODataUnitTestEnvironment.tpl
		Templates\ODataUnitTests.tpl = Templates\ODataUnitTests.tpl
	EndProjectSection
EndProject
Project("{2150E333-8FDC-42A3-9474-1A3956D46DE8}") = "Solution Items", "Solution Items", "{29AEA4C4-62B2-4F46-9B80-5F061D950BE1}"
	ProjectSection(SolutionItems) = preProject
		regen.bat = regen.bat
		UserDefinedTokens.tkn = UserDefinedTokens.tkn
	EndProjectSection
EndProject
Project("{2150E333-8FDC-42A3-9474-1A3956D46DE8}") = "SampleData", "SampleData", "{D0EC827E-8959-42E2-A386-9FEB33F0F468}"
	ProjectSection(SolutionItems) = preProject
		SampleData\customers.txt = SampleData\customers.txt
		SampleData\customers.xdl = SampleData\customers.xdl
		SampleData\items.txt = SampleData\items.txt
		SampleData\items.xdl = SampleData\items.xdl
		SampleData\order_items.txt = SampleData\order_items.txt
		SampleData\order_items.xdl = SampleData\order_items.xdl
		SampleData\orders.txt = SampleData\orders.txt
		SampleData\orders.xdl = SampleData\orders.xdl
		SampleData\sysparams.txt = SampleData\sysparams.txt
		SampleData\vendors.txt = SampleData\vendors.txt
		SampleData\vendors.xdl = SampleData\vendors.xdl
	EndProjectSection
EndProject
Project("{BBD0F5D1-1CC4-42FD-BA4C-A96779C64378}") = "Services.Test", "Services.Test\Services.Test.synproj", "{044BDB4E-971E-4D5B-A11E-BAE1A40A91A7}"
EndProject
Global
	GlobalSection(SolutionConfigurationPlatforms) = preSolution
		Debug|Any CPU = Debug|Any CPU
		Debug|x86 = Debug|x86
		Release|Any CPU = Release|Any CPU
		Release|x86 = Release|x86
	EndGlobalSection
	GlobalSection(ProjectConfigurationPlatforms) = postSolution
		{C9EA95BA-DC15-4A74-82C0-94172559EDCE}.Debug|Any CPU.ActiveCfg = Debug|Any CPU
		{C9EA95BA-DC15-4A74-82C0-94172559EDCE}.Debug|Any CPU.Build.0 = Debug|Any CPU
		{C9EA95BA-DC15-4A74-82C0-94172559EDCE}.Debug|x86.ActiveCfg = Debug|Any CPU
		{C9EA95BA-DC15-4A74-82C0-94172559EDCE}.Debug|x86.Build.0 = Debug|Any CPU
		{C9EA95BA-DC15-4A74-82C0-94172559EDCE}.Release|Any CPU.ActiveCfg = Release|Any CPU
		{C9EA95BA-DC15-4A74-82C0-94172559EDCE}.Release|Any CPU.Build.0 = Release|Any CPU
		{C9EA95BA-DC15-4A74-82C0-94172559EDCE}.Release|x86.ActiveCfg = Release|Any CPU
		{C9EA95BA-DC15-4A74-82C0-94172559EDCE}.Release|x86.Build.0 = Release|Any CPU
		{F9257051-CC32-4541-BAF3-3DD58C1E7F61}.Debug|Any CPU.ActiveCfg = Debug|Any CPU
		{F9257051-CC32-4541-BAF3-3DD58C1E7F61}.Debug|Any CPU.Build.0 = Debug|Any CPU
		{F9257051-CC32-4541-BAF3-3DD58C1E7F61}.Debug|x86.ActiveCfg = Debug|x86
		{F9257051-CC32-4541-BAF3-3DD58C1E7F61}.Debug|x86.Build.0 = Debug|x86
		{F9257051-CC32-4541-BAF3-3DD58C1E7F61}.Release|Any CPU.ActiveCfg = Release|Any CPU
		{F9257051-CC32-4541-BAF3-3DD58C1E7F61}.Release|Any CPU.Build.0 = Release|Any CPU
		{F9257051-CC32-4541-BAF3-3DD58C1E7F61}.Release|x86.ActiveCfg = Release|x86
		{F9257051-CC32-4541-BAF3-3DD58C1E7F61}.Release|x86.Build.0 = Release|x86
		{51A1B4AB-CEA6-4B90-A6EE-4D32C2282848}.Debug|Any CPU.ActiveCfg = Debug|Any CPU
		{51A1B4AB-CEA6-4B90-A6EE-4D32C2282848}.Debug|Any CPU.Build.0 = Debug|Any CPU
		{51A1B4AB-CEA6-4B90-A6EE-4D32C2282848}.Debug|x86.ActiveCfg = Debug|x86
		{51A1B4AB-CEA6-4B90-A6EE-4D32C2282848}.Debug|x86.Build.0 = Debug|x86
		{51A1B4AB-CEA6-4B90-A6EE-4D32C2282848}.Release|Any CPU.ActiveCfg = Release|Any CPU
		{51A1B4AB-CEA6-4B90-A6EE-4D32C2282848}.Release|Any CPU.Build.0 = Release|Any CPU
		{51A1B4AB-CEA6-4B90-A6EE-4D32C2282848}.Release|x86.ActiveCfg = Release|x86
		{51A1B4AB-CEA6-4B90-A6EE-4D32C2282848}.Release|x86.Build.0 = Release|x86
		{044BDB4E-971E-4D5B-A11E-BAE1A40A91A7}.Debug|Any CPU.ActiveCfg = Debug|Any CPU
		{044BDB4E-971E-4D5B-A11E-BAE1A40A91A7}.Debug|Any CPU.Build.0 = Debug|Any CPU
		{044BDB4E-971E-4D5B-A11E-BAE1A40A91A7}.Debug|x86.ActiveCfg = Debug|x86
		{044BDB4E-971E-4D5B-A11E-BAE1A40A91A7}.Debug|x86.Build.0 = Debug|x86
		{044BDB4E-971E-4D5B-A11E-BAE1A40A91A7}.Release|Any CPU.ActiveCfg = Release|Any CPU
		{044BDB4E-971E-4D5B-A11E-BAE1A40A91A7}.Release|Any CPU.Build.0 = Release|Any CPU
		{044BDB4E-971E-4D5B-A11E-BAE1A40A91A7}.Release|x86.ActiveCfg = Release|x86
		{044BDB4E-971E-4D5B-A11E-BAE1A40A91A7}.Release|x86.Build.0 = Release|x86
	EndGlobalSection
	GlobalSection(SolutionProperties) = preSolution
		HideSolutionNode = FALSE
	EndGlobalSection
	GlobalSection(ExtensibilityGlobals) = postSolution
		SolutionGuid = {9F59F1FE-5272-46EF-911E-AFC94D9B311F}
	EndGlobalSection
EndGlobal
